
Microsoft Visual Studio Solution File, Format Version 12.00
# Visual Studio 2012
Project("{FAE04EC0-301F-11D3-BF4B-00C04F79EFBC}") = "RemoteDebugger", "RemoteDebugger\RemoteDebugger.csproj", "{9B4BE332-7134-47D8-9C18-3D287FA4E366}"
EndProject
Project("{FAE04EC0-301F-11D3-BF4B-00C04F79EFBC}") = "RemoteDebuggerGUI", "RemoteDebuggerGUI\RemoteDebuggerGUI.csproj", "{8FC41213-C55F-41B4-89E8-44E6384D2AED}"
EndProject
Global
	GlobalSection(SolutionConfigurationPlatforms) = preSolution
		Debug|Any CPU = Debug|Any CPU
		Release|Any CPU = Release|Any CPU
	EndGlobalSection
	GlobalSection(ProjectConfigurationPlatforms) = postSolution
		{9B4BE332-7134-47D8-9C18-3D287FA4E366}.Debug|Any CPU.ActiveCfg = Debug|Any CPU
		{9B4BE332-7134-47D8-9C18-3D287FA4E366}.Debug|Any CPU.Build.0 = Debug|Any CPU
		{9B4BE332-7134-47D8-9C18-3D287FA4E366}.Release|Any CPU.ActiveCfg = Release|Any CPU
		{9B4BE332-7134-47D8-9C18-3D287FA4E366}.Release|Any CPU.Build.0 = Release|Any CPU
		{8FC41213-C55F-41B4-89E8-44E6384D2AED}.Debug|Any CPU.ActiveCfg = Debug|Any CPU
		{8FC41213-C55F-41B4-89E8-44E6384D2AED}.Debug|Any CPU.Build.0 = Debug|Any CPU
		{8FC41213-C55F-41B4-89E8-44E6384D2AED}.Release|Any CPU.ActiveCfg = Release|Any CPU
		{8FC41213-C55F-41B4-89E8-44E6384D2AED}.Release|Any CPU.Build.0 = Release|Any CPU
	EndGlobalSection
	GlobalSection(SolutionProperties) = preSolution
		HideSolutionNode = FALSE
	EndGlobalSection
EndGlobal
